
Microsoft Visual Studio Solution File, Format Version 12.00
# Visual Studio Version 17
VisualStudioVersion = 17.2.32526.322
MinimumVisualStudioVersion = 10.0.40219.1
Project("{FAE04EC0-301F-11D3-BF4B-00C04F79EFBC}") = "Webapp", "Webapp\Webapp.csproj", "{C2F7850A-C755-4825-B36A-1CE273417E81}"
EndProject
Global
	GlobalSection(SolutionConfigurationPlatforms) = preSolution
		Debug|Any CPU = Debug|Any CPU
		Release|Any CPU = Release|Any CPU
	EndGlobalSection
	GlobalSection(ProjectConfigurationPlatforms) = postSolution
		{C2F7850A-C755-4825-B36A-1CE273417E81}.Debug|Any CPU.ActiveCfg = Debug|Any CPU
		{C2F7850A-C755-4825-B36A-1CE273417E81}.Debug|Any CPU.Build.0 = Debug|Any CPU
		{C2F7850A-C755-4825-B36A-1CE273417E81}.Release|Any CPU.ActiveCfg = Release|Any CPU
		{C2F7850A-C755-4825-B36A-1CE273417E81}.Release|Any CPU.Build.0 = Release|Any CPU
	EndGlobalSection
	GlobalSection(SolutionProperties) = preSolution
		HideSolutionNode = FALSE
	EndGlobalSection
	GlobalSection(ExtensibilityGlobals) = postSolution
		SolutionGuid = {14AD50CE-A237-42EC-AFF4-BE8A0EEB436D}
	EndGlobalSection
EndGlobal
